
Microsoft Visual Studio Solution File, Format Version 12.00
# Visual Studio Version 17
VisualStudioVersion = 17.0.31903.59
MinimumVisualStudioVersion = 10.0.40219.1
Project("{9A19103F-16F7-4668-BE54-9A1E7A4F7556}") = "Part3", "Part3\Part3.csproj", "{0A1F626D-FC47-4110-AFF9-573358ED6F40}"
EndProject
Project("{9A19103F-16F7-4668-BE54-9A1E7A4F7556}") = "Part4", "Part4\Part4.csproj", "{30F77DF9-1134-4E84-B532-CE6791A16638}"
EndProject
Project("{9A19103F-16F7-4668-BE54-9A1E7A4F7556}") = "Part5", "Part5\Part5.csproj", "{EE882C44-5036-45B5-B185-E0C8239CF44A}"
EndProject
Project("{9A19103F-16F7-4668-BE54-9A1E7A4F7556}") = "Part6", "Part6\Part6.csproj", "{95D87BFB-A1AC-4DC0-B550-8F78D50F2CF6}"
EndProject
Project("{9A19103F-16F7-4668-BE54-9A1E7A4F7556}") = "Part7", "Part7\Part7.csproj", "{AA81FC81-A6DE-41D9-97FD-15881DBA8E77}"
EndProject
Project("{9A19103F-16F7-4668-BE54-9A1E7A4F7556}") = "Part10", "Part10\Part10.csproj", "{594D73F3-429A-4F47-86CD-F14EEAFFBACE}"
EndProject
Project("{9A19103F-16F7-4668-BE54-9A1E7A4F7556}") = "Part11", "Part11\Part11.csproj", "{8ED3A360-AE2F-4AA9-B780-42D7DE5A97C2}"
EndProject
Project("{9A19103F-16F7-4668-BE54-9A1E7A4F7556}") = "Part12", "Part12\Part12.csproj", "{43791404-D3DC-40AE-973C-1959E7E518C6}"
EndProject
Project("{9A19103F-16F7-4668-BE54-9A1E7A4F7556}") = "Part13", "Part13\Part13.csproj", "{43090223-717B-462E-8567-8AE5D99C9FA4}"
EndProject
Project("{9A19103F-16F7-4668-BE54-9A1E7A4F7556}") = "Part14", "Part14\Part14.csproj", "{DF47D39E-173C-4F9E-AEBA-C827AAA8E3ED}"
EndProject
Project("{9A19103F-16F7-4668-BE54-9A1E7A4F7556}") = "Part43", "Part43\Part43.csproj", "{3407E298-440F-42DB-BC90-559A506EF94A}"
EndProject
Project("{9A19103F-16F7-4668-BE54-9A1E7A4F7556}") = "Part44", "Part44\Part44.csproj", "{C68836D7-20AB-41B7-B2C3-E08FBC36CDAB}"
EndProject
Project("{FAE04EC0-301F-11D3-BF4B-00C04F79EFBC}") = "AsyncAwaitTest", "ConsoleApp1\AsyncAwaitTest.csproj", "{EC954C2C-AA9B-4591-BFE8-D23C97CD6856}"
EndProject
Global
	GlobalSection(SolutionConfigurationPlatforms) = preSolution
		Debug|Any CPU = Debug|Any CPU
		Release|Any CPU = Release|Any CPU
	EndGlobalSection
	GlobalSection(ProjectConfigurationPlatforms) = postSolution
		{0A1F626D-FC47-4110-AFF9-573358ED6F40}.Debug|Any CPU.ActiveCfg = Debug|Any CPU
		{0A1F626D-FC47-4110-AFF9-573358ED6F40}.Debug|Any CPU.Build.0 = Debug|Any CPU
		{0A1F626D-FC47-4110-AFF9-573358ED6F40}.Release|Any CPU.ActiveCfg = Release|Any CPU
		{0A1F626D-FC47-4110-AFF9-573358ED6F40}.Release|Any CPU.Build.0 = Release|Any CPU
		{30F77DF9-1134-4E84-B532-CE6791A16638}.Debug|Any CPU.ActiveCfg = Debug|Any CPU
		{30F77DF9-1134-4E84-B532-CE6791A16638}.Debug|Any CPU.Build.0 = Debug|Any CPU
		{30F77DF9-1134-4E84-B532-CE6791A16638}.Release|Any CPU.ActiveCfg = Release|Any CPU
		{30F77DF9-1134-4E84-B532-CE6791A16638}.Release|Any CPU.Build.0 = Release|Any CPU
		{EE882C44-5036-45B5-B185-E0C8239CF44A}.Debug|Any CPU.ActiveCfg = Debug|Any CPU
		{EE882C44-5036-45B5-B185-E0C8239CF44A}.Debug|Any CPU.Build.0 = Debug|Any CPU
		{EE882C44-5036-45B5-B185-E0C8239CF44A}.Release|Any CPU.ActiveCfg = Release|Any CPU
		{EE882C44-5036-45B5-B185-E0C8239CF44A}.Release|Any CPU.Build.0 = Release|Any CPU
		{95D87BFB-A1AC-4DC0-B550-8F78D50F2CF6}.Debug|Any CPU.ActiveCfg = Debug|Any CPU
		{95D87BFB-A1AC-4DC0-B550-8F78D50F2CF6}.Debug|Any CPU.Build.0 = Debug|Any CPU
		{95D87BFB-A1AC-4DC0-B550-8F78D50F2CF6}.Release|Any CPU.ActiveCfg = Release|Any CPU
		{95D87BFB-A1AC-4DC0-B550-8F78D50F2CF6}.Release|Any CPU.Build.0 = Release|Any CPU
		{AA81FC81-A6DE-41D9-97FD-15881DBA8E77}.Debug|Any CPU.ActiveCfg = Debug|Any CPU
		{AA81FC81-A6DE-41D9-97FD-15881DBA8E77}.Debug|Any CPU.Build.0 = Debug|Any CPU
		{AA81FC81-A6DE-41D9-97FD-15881DBA8E77}.Release|Any CPU.ActiveCfg = Release|Any CPU
		{AA81FC81-A6DE-41D9-97FD-15881DBA8E77}.Release|Any CPU.Build.0 = Release|Any CPU
		{594D73F3-429A-4F47-86CD-F14EEAFFBACE}.Debug|Any CPU.ActiveCfg = Debug|Any CPU
		{594D73F3-429A-4F47-86CD-F14EEAFFBACE}.Debug|Any CPU.Build.0 = Debug|Any CPU
		{594D73F3-429A-4F47-86CD-F14EEAFFBACE}.Release|Any CPU.ActiveCfg = Release|Any CPU
		{594D73F3-429A-4F47-86CD-F14EEAFFBACE}.Release|Any CPU.Build.0 = Release|Any CPU
		{8ED3A360-AE2F-4AA9-B780-42D7DE5A97C2}.Debug|Any CPU.ActiveCfg = Debug|Any CPU
		{8ED3A360-AE2F-4AA9-B780-42D7DE5A97C2}.Debug|Any CPU.Build.0 = Debug|Any CPU
		{8ED3A360-AE2F-4AA9-B780-42D7DE5A97C2}.Release|Any CPU.ActiveCfg = Release|Any CPU
		{8ED3A360-AE2F-4AA9-B780-42D7DE5A97C2}.Release|Any CPU.Build.0 = Release|Any CPU
		{43791404-D3DC-40AE-973C-1959E7E518C6}.Debug|Any CPU.ActiveCfg = Debug|Any CPU
		{43791404-D3DC-40AE-973C-1959E7E518C6}.Debug|Any CPU.Build.0 = Debug|Any CPU
		{43791404-D3DC-40AE-973C-1959E7E518C6}.Release|Any CPU.ActiveCfg = Release|Any CPU
		{43791404-D3DC-40AE-973C-1959E7E518C6}.Release|Any CPU.Build.0 = Release|Any CPU
		{43090223-717B-462E-8567-8AE5D99C9FA4}.Debug|Any CPU.ActiveCfg = Debug|Any CPU
		{43090223-717B-462E-8567-8AE5D99C9FA4}.Debug|Any CPU.Build.0 = Debug|Any CPU
		{43090223-717B-462E-8567-8AE5D99C9FA4}.Release|Any CPU.ActiveCfg = Release|Any CPU
		{43090223-717B-462E-8567-8AE5D99C9FA4}.Release|Any CPU.Build.0 = Release|Any CPU
		{DF47D39E-173C-4F9E-AEBA-C827AAA8E3ED}.Debug|Any CPU.ActiveCfg = Debug|Any CPU
		{DF47D39E-173C-4F9E-AEBA-C827AAA8E3ED}.Debug|Any CPU.Build.0 = Debug|Any CPU
		{DF47D39E-173C-4F9E-AEBA-C827AAA8E3ED}.Release|Any CPU.ActiveCfg = Release|Any CPU
		{DF47D39E-173C-4F9E-AEBA-C827AAA8E3ED}.Release|Any CPU.Build.0 = Release|Any CPU
		{3407E298-440F-42DB-BC90-559A506EF94A}.Debug|Any CPU.ActiveCfg = Debug|Any CPU
		{3407E298-440F-42DB-BC90-559A506EF94A}.Debug|Any CPU.Build.0 = Debug|Any CPU
		{3407E298-440F-42DB-BC90-559A506EF94A}.Release|Any CPU.ActiveCfg = Release|Any CPU
		{3407E298-440F-42DB-BC90-559A506EF94A}.Release|Any CPU.Build.0 = Release|Any CPU
		{C68836D7-20AB-41B7-B2C3-E08FBC36CDAB}.Debug|Any CPU.ActiveCfg = Debug|Any CPU
		{C68836D7-20AB-41B7-B2C3-E08FBC36CDAB}.Debug|Any CPU.Build.0 = Debug|Any CPU
		{C68836D7-20AB-41B7-B2C3-E08FBC36CDAB}.Release|Any CPU.ActiveCfg = Release|Any CPU
		{C68836D7-20AB-41B7-B2C3-E08FBC36CDAB}.Release|Any CPU.Build.0 = Release|Any CPU
		{EC954C2C-AA9B-4591-BFE8-D23C97CD6856}.Debug|Any CPU.ActiveCfg = Debug|Any CPU
		{EC954C2C-AA9B-4591-BFE8-D23C97CD6856}.Debug|Any CPU.Build.0 = Debug|Any CPU
		{EC954C2C-AA9B-4591-BFE8-D23C97CD6856}.Release|Any CPU.ActiveCfg = Release|Any CPU
		{EC954C2C-AA9B-4591-BFE8-D23C97CD6856}.Release|Any CPU.Build.0 = Release|Any CPU
	EndGlobalSection
	GlobalSection(SolutionProperties) = preSolution
		HideSolutionNode = FALSE
	EndGlobalSection
	GlobalSection(ExtensibilityGlobals) = postSolution
		SolutionGuid = {33E23BB1-DE01-45E6-BEF3-6269591C1598}
	EndGlobalSection
EndGlobal
